
Microsoft Visual Studio Solution File, Format Version 9.00
# Visual Studio 2005
Project("{FAE04EC0-301F-11D3-BF4B-00C04F79EFBC}") = "dotnet", "dotnet.csproj", "{C65F4B5A-4D63-4D61-93C9-4EE79867D5CF}"
EndProject
Global
	GlobalSection(SolutionConfigurationPlatforms) = preSolution
		Debug|Any CPU = Debug|Any CPU
		Release|Any CPU = Release|Any CPU
	EndGlobalSection
	GlobalSection(ProjectConfigurationPlatforms) = postSolution
		{C65F4B5A-4D63-4D61-93C9-4EE79867D5CF}.Debug|Any CPU.ActiveCfg = Debug|Any CPU
		{C65F4B5A-4D63-4D61-93C9-4EE79867D5CF}.Debug|Any CPU.Build.0 = Debug|Any CPU
		{C65F4B5A-4D63-4D61-93C9-4EE79867D5CF}.Release|Any CPU.ActiveCfg = Release|Any CPU
		{C65F4B5A-4D63-4D61-93C9-4EE79867D5CF}.Release|Any CPU.Build.0 = Release|Any CPU
	EndGlobalSection
	GlobalSection(MonoDevelopProperties) = preSolution
		version = 0.1
		StartupItem = dotnet.csproj
	EndGlobalSection
EndGlobal
